
Microsoft Visual Studio Solution File, Format Version 12.00
# Visual Studio Version 17
VisualStudioVersion = 17.4.33110.190
MinimumVisualStudioVersion = 10.0.40219.1
Project("{FAE04EC0-301F-11D3-BF4B-00C04F79EFBC}") = "RestaurantApi23", "RestaurantApi23\RestaurantApi23.csproj", "{950673FE-779A-4D5D-9830-EC1041FB8C1E}"
EndProject
Global
	GlobalSection(SolutionConfigurationPlatforms) = preSolution
		Debug|Any CPU = Debug|Any CPU
		Release|Any CPU = Release|Any CPU
	EndGlobalSection
	GlobalSection(ProjectConfigurationPlatforms) = postSolution
		{950673FE-779A-4D5D-9830-EC1041FB8C1E}.Debug|Any CPU.ActiveCfg = Debug|Any CPU
		{950673FE-779A-4D5D-9830-EC1041FB8C1E}.Debug|Any CPU.Build.0 = Debug|Any CPU
		{950673FE-779A-4D5D-9830-EC1041FB8C1E}.Release|Any CPU.ActiveCfg = Release|Any CPU
		{950673FE-779A-4D5D-9830-EC1041FB8C1E}.Release|Any CPU.Build.0 = Release|Any CPU
	EndGlobalSection
	GlobalSection(SolutionProperties) = preSolution
		HideSolutionNode = FALSE
	EndGlobalSection
	GlobalSection(ExtensibilityGlobals) = postSolution
		SolutionGuid = {72FAD621-9CCF-43C7-B198-3C657EAE97E0}
	EndGlobalSection
EndGlobal
